// !$*UTF8*$!
{
	archiveVersion = 1;
	classes = {
	};
	objectVersion = 77;
	objects = {

/* Begin PBXBuildFile section */
		490B00813002B83000A08740 /* Lottie in Frameworks */ = {isa = PBXBuildFile; productRef = 490B00803002B83000A08740 /* Lottie */; };
		496FC53E3004D47D000900A9 /* ZIPFoundation in Frameworks */ = {isa = PBXBuildFile; productRef = 496FC53D3004D47D000900A9 /* ZIPFoundation */; };
		C8FE005B30054FF800BE7CEE /* Release.xcconfig in Resources */ = {isa = PBXBuildFile; fileRef = C8FE005A30054FF800BE7CEE /* Release.xcconfig */; };
		C8FEFF533004E91600BE7CEE /* Debug.xcconfig in Resources */ = {isa = PBXBuildFile; fileRef = C8FEFF523004E91600BE7CEE /* Debug.xcconfig */; };
		FDA0DE23300500000000B004 /* Tokenizers in Frameworks */ = {isa = PBXBuildFile; productRef = FDA0DE21300500000000B002 /* Tokenizers */; };
/* End PBXBuildFile section */

/* Begin PBXContainerItemProxy section */
		C8B53CC2300342DB00BEA38F /* PBXContainerItemProxy */ = {
			isa = PBXContainerItemProxy;
			containerPortal = C8EAA57C2FFD04DB0024B4CC /* Project object */;
			proxyType = 1;
			remoteGlobalIDString = C8EAA5832FFD04DB0024B4CC;
			remoteInfo = Cangkruk;
		};
/* End PBXContainerItemProxy section */

/* Begin PBXFileReference section */
		C8B53CBE300342DB00BEA38F /* CangkrukUnitTests.xctest */ = {isa = PBXFileReference; explicitFileType = wrapper.cfbundle; includeInIndex = 0; path = CangkrukUnitTests.xctest; sourceTree = BUILT_PRODUCTS_DIR; };
		C8EAA5842FFD04DB0024B4CC /* Cangkruk.app */ = {isa = PBXFileReference; explicitFileType = wrapper.application; includeInIndex = 0; path = Cangkruk.app; sourceTree = BUILT_PRODUCTS_DIR; };
		C8FE005A30054FF800BE7CEE /* Release.xcconfig */ = {isa = PBXFileReference; lastKnownFileType = text.xcconfig; path = Release.xcconfig; sourceTree = "<group>"; };
		C8FEFF523004E91600BE7CEE /* Debug.xcconfig */ = {isa = PBXFileReference; lastKnownFileType = text.xcconfig; path = Debug.xcconfig; sourceTree = "<group>"; };
/* End PBXFileReference section */

/* Begin PBXFileSystemSynchronizedBuildFileExceptionSet section */
		C8EAA5DB2FFF93170024B4CC /* Exceptions for "Cangkruk" folder in "Cangkruk" target */ = {
			isa = PBXFileSystemSynchronizedBuildFileExceptionSet;
			membershipExceptions = (
				Info.plist,
			);
			target = C8EAA5832FFD04DB0024B4CC /* Cangkruk */;
		};
/* End PBXFileSystemSynchronizedBuildFileExceptionSet section */

/* Begin PBXFileSystemSynchronizedRootGroup section */
		C8B53CBF300342DB00BEA38F /* CangkrukUnitTests */ = {
			isa = PBXFileSystemSynchronizedRootGroup;
			path = CangkrukUnitTests;
			sourceTree = "<group>";
		};
		C8EAA5862FFD04DB0024B4CC /* Cangkruk */ = {
			isa = PBXFileSystemSynchronizedRootGroup;
			exceptions = (
				C8EAA5DB2FFF93170024B4CC /* Exceptions for "Cangkruk" folder in "Cangkruk" target */,
			);
			path = Cangkruk;
			sourceTree = "<group>";
		};
/* End PBXFileSystemSynchronizedRootGroup section */

/* Begin PBXFrameworksBuildPhase section */
		C8B53CBB300342DB00BEA38F /* Frameworks */ = {
			isa = PBXFrameworksBuildPhase;
			buildActionMask = 2147483647;
			files = (
			);
			runOnlyForDeploymentPostprocessing = 0;
		};
		C8EAA5812FFD04DB0024B4CC /* Frameworks */ = {
			isa = PBXFrameworksBuildPhase;
			buildActionMask = 2147483647;
			files = (
				490B00813002B83000A08740 /* Lottie in Frameworks */,
				496FC53E3004D47D000900A9 /* ZIPFoundation in Frameworks */,
				FDA0DE23300500000000B004 /* Tokenizers in Frameworks */,
			);
			runOnlyForDeploymentPostprocessing = 0;
		};
/* End PBXFrameworksBuildPhase section */

/* Begin PBXGroup section */
		496FC53C3004D47D000900A9 /* Frameworks */ = {
			isa = PBXGroup;
			children = (
			);
			name = Frameworks;
			sourceTree = "<group>";
		};
		C8EAA57B2FFD04DB0024B4CC = {
			isa = PBXGroup;
			children = (
				C8EAA5862FFD04DB0024B4CC /* Cangkruk */,
				C8B53CBF300342DB00BEA38F /* CangkrukUnitTests */,
				496FC53C3004D47D000900A9 /* Frameworks */,
				C8EAA5852FFD04DB0024B4CC /* Products */,
				C8FEFF523004E91600BE7CEE /* Debug.xcconfig */,
				C8FE005A30054FF800BE7CEE /* Release.xcconfig */,
			);
			sourceTree = "<group>";
		};
		C8EAA5852FFD04DB0024B4CC /* Products */ = {
			isa = PBXGroup;
			children = (
				C8EAA5842FFD04DB0024B4CC /* Cangkruk.app */,
				C8B53CBE300342DB00BEA38F /* CangkrukUnitTests.xctest */,
			);
			name = Products;
			sourceTree = "<group>";
		};
/* End PBXGroup section */

/* Begin PBXNativeTarget section */
		C8B53CBD300342DB00BEA38F /* CangkrukUnitTests */ = {
			isa = PBXNativeTarget;
			buildConfigurationList = C8B53CC6300342DB00BEA38F /* Build configuration list for PBXNativeTarget "CangkrukUnitTests" */;
			buildPhases = (
				C8B53CBA300342DB00BEA38F /* Sources */,
				C8B53CBB300342DB00BEA38F /* Frameworks */,
				C8B53CBC300342DB00BEA38F /* Resources */,
			);
			buildRules = (
			);
			dependencies = (
				C8B53CC3300342DB00BEA38F /* PBXTargetDependency */,
			);
			fileSystemSynchronizedGroups = (
				C8B53CBF300342DB00BEA38F /* CangkrukUnitTests */,
			);
			name = CangkrukUnitTests;
			packageProductDependencies = (
			);
			productName = CangkrukUnitTests;
			productReference = C8B53CBE300342DB00BEA38F /* CangkrukUnitTests.xctest */;
			productType = "com.apple.product-type.bundle.unit-test";
		};
		C8EAA5832FFD04DB0024B4CC /* Cangkruk */ = {
			isa = PBXNativeTarget;
			buildConfigurationList = C8EAA58F2FFD04DC0024B4CC /* Build configuration list for PBXNativeTarget "Cangkruk" */;
			buildPhases = (
				C8EAA5802FFD04DB0024B4CC /* Sources */,
				C8EAA5812FFD04DB0024B4CC /* Frameworks */,
				C8EAA5822FFD04DB0024B4CC /* Resources */,
			);
			buildRules = (
			);
			dependencies = (
			);
			fileSystemSynchronizedGroups = (
				C8EAA5862FFD04DB0024B4CC /* Cangkruk */,
			);
			name = Cangkruk;
			packageProductDependencies = (
				490B00803002B83000A08740 /* Lottie */,
				496FC53D3004D47D000900A9 /* ZIPFoundation */,
				FDA0DE21300500000000B002 /* Tokenizers */,
			);
			productName = Cangkruk;
			productReference = C8EAA5842FFD04DB0024B4CC /* Cangkruk.app */;
			productType = "com.apple.product-type.application";
		};
/* End PBXNativeTarget section */

/* Begin PBXProject section */
		C8EAA57C2FFD04DB0024B4CC /* Project object */ = {
			isa = PBXProject;
			attributes = {
				BuildIndependentTargetsInParallel = 1;
				LastSwiftUpdateCheck = 2660;
				LastUpgradeCheck = 2660;
				TargetAttributes = {
					C8B53CBD300342DB00BEA38F = {
						CreatedOnToolsVersion = 26.6;
						LastSwiftMigration = 2660;
						TestTargetID = C8EAA5832FFD04DB0024B4CC;
					};
					C8EAA5832FFD04DB0024B4CC = {
						CreatedOnToolsVersion = 26.6;
					};
				};
			};
			buildConfigurationList = C8EAA57F2FFD04DB0024B4CC /* Build configuration list for PBXProject "Cangkruk" */;
			developmentRegion = en;
			hasScannedForEncodings = 0;
			knownRegions = (
				en,
				Base,
			);
			mainGroup = C8EAA57B2FFD04DB0024B4CC;
			minimizedProjectReferenceProxies = 1;
			packageReferences = (
				490B007F3002B83000A08740 /* XCRemoteSwiftPackageReference "lottie-ios" */,
				496FC53B3004D450000900A9 /* XCRemoteSwiftPackageReference "ZIPFoundation" */,
				FDA0DE20300500000000B001 /* XCRemoteSwiftPackageReference "swift-transformers" */,
			);
			preferredProjectObjectVersion = 77;
			productRefGroup = C8EAA5852FFD04DB0024B4CC /* Products */;
			projectDirPath = "";
			projectRoot = "";
			targets = (
				C8EAA5832FFD04DB0024B4CC /* Cangkruk */,
				C8B53CBD300342DB00BEA38F /* CangkrukUnitTests */,
			);
		};
/* End PBXProject section */

/* Begin PBXResourcesBuildPhase section */
		C8B53CBC300342DB00BEA38F /* Resources */ = {
			isa = PBXResourcesBuildPhase;
			buildActionMask = 2147483647;
			files = (
			);
			runOnlyForDeploymentPostprocessing = 0;
		};
		C8EAA5822FFD04DB0024B4CC /* Resources */ = {
			isa = PBXResourcesBuildPhase;
			buildActionMask = 2147483647;
			files = (
				C8FE005B30054FF800BE7CEE /* Release.xcconfig in Resources */,
				C8FEFF533004E91600BE7CEE /* Debug.xcconfig in Resources */,
			);
			runOnlyForDeploymentPostprocessing = 0;
		};
/* End PBXResourcesBuildPhase section */

/* Begin PBXSourcesBuildPhase section */
		C8B53CBA300342DB00BEA38F /* Sources */ = {
			isa = PBXSourcesBuildPhase;
			buildActionMask = 2147483647;
			files = (
			);
			runOnlyForDeploymentPostprocessing = 0;
		};
		C8EAA5802FFD04DB0024B4CC /* Sources */ = {
			isa = PBXSourcesBuildPhase;
			buildActionMask = 2147483647;
			files = (
			);
			runOnlyForDeploymentPostprocessing = 0;
		};
/* End PBXSourcesBuildPhase section */

/* Begin PBXTargetDependency section */
		C8B53CC3300342DB00BEA38F /* PBXTargetDependency */ = {
			isa = PBXTargetDependency;
			target = C8EAA5832FFD04DB0024B4CC /* Cangkruk */;
			targetProxy = C8B53CC2300342DB00BEA38F /* PBXContainerItemProxy */;
		};
/* End PBXTargetDependency section */

/* Begin XCBuildConfiguration section */
		C8B53CC4300342DB00BEA38F /* Debug */ = {
			isa = XCBuildConfiguration;
			buildSettings = {
				BUNDLE_LOADER = "$(TEST_HOST)";
				CLANG_ENABLE_MODULES = YES;
				CODE_SIGN_STYLE = Automatic;
				CURRENT_PROJECT_VERSION = 1;
				DEVELOPMENT_TEAM = HK5U3FU2AP;
				GENERATE_INFOPLIST_FILE = YES;
				MARKETING_VERSION = 1.0;
				PRODUCT_BUNDLE_IDENTIFIER = com.bee.swift.CangkrukUnitTests;
				PRODUCT_NAME = "$(TARGET_NAME)";
				STRING_CATALOG_GENERATE_SYMBOLS = NO;
				SWIFT_APPROACHABLE_CONCURRENCY = YES;
				SWIFT_EMIT_LOC_STRINGS = NO;
				SWIFT_OPTIMIZATION_LEVEL = "-Onone";
				SWIFT_UPCOMING_FEATURE_MEMBER_IMPORT_VISIBILITY = YES;
				SWIFT_VERSION = 5.0;
				TARGETED_DEVICE_FAMILY = "1,2";
				TEST_HOST = "$(BUILT_PRODUCTS_DIR)/Cangkruk.app/$(BUNDLE_EXECUTABLE_FOLDER_PATH)/Cangkruk";
			};
			name = Debug;
		};
		C8B53CC5300342DB00BEA38F /* Release */ = {
			isa = XCBuildConfiguration;
			buildSettings = {
				BUNDLE_LOADER = "$(TEST_HOST)";
				CLANG_ENABLE_MODULES = YES;
				CODE_SIGN_STYLE = Automatic;
				CURRENT_PROJECT_VERSION = 1;
				DEVELOPMENT_TEAM = HK5U3FU2AP;
				GENERATE_INFOPLIST_FILE = YES;
				MARKETING_VERSION = 1.0;
				PRODUCT_BUNDLE_IDENTIFIER = com.bee.swift.CangkrukUnitTests;
				PRODUCT_NAME = "$(TARGET_NAME)";
				STRING_CATALOG_GENERATE_SYMBOLS = NO;
				SWIFT_APPROACHABLE_CONCURRENCY = YES;
				SWIFT_EMIT_LOC_STRINGS = NO;
				SWIFT_UPCOMING_FEATURE_MEMBER_IMPORT_VISIBILITY = YES;
				SWIFT_VERSION = 5.0;
				TARGETED_DEVICE_FAMILY = "1,2";
				TEST_HOST = "$(BUILT_PRODUCTS_DIR)/Cangkruk.app/$(BUNDLE_EXECUTABLE_FOLDER_PATH)/Cangkruk";
			};
			name = Release;
		};
		C8EAA58D2FFD04DC0024B4CC /* Debug */ = {
			isa = XCBuildConfiguration;
			baseConfigurationReference = C8FEFF523004E91600BE7CEE /* Debug.xcconfig */;
			buildSettings = {
				ALWAYS_SEARCH_USER_PATHS = NO;
				ASSETCATALOG_COMPILER_GENERATE_SWIFT_ASSET_SYMBOL_EXTENSIONS = YES;
				CLANG_ANALYZER_NONNULL = YES;
				CLANG_ANALYZER_NUMBER_OBJECT_CONVERSION = YES_AGGRESSIVE;
				CLANG_CXX_LANGUAGE_STANDARD = "gnu++20";
				CLANG_ENABLE_MODULES = YES;
				CLANG_ENABLE_OBJC_ARC = YES;
				CLANG_ENABLE_OBJC_WEAK = YES;
				CLANG_WARN_BLOCK_CAPTURE_AUTORELEASING = YES;
				CLANG_WARN_BOOL_CONVERSION = YES;
				CLANG_WARN_COMMA = YES;
				CLANG_WARN_CONSTANT_CONVERSION = YES;
				CLANG_WARN_DEPRECATED_OBJC_IMPLEMENTATIONS = YES;
				CLANG_WARN_DIRECT_OBJC_ISA_USAGE = YES_ERROR;
				CLANG_WARN_DOCUMENTATION_COMMENTS = YES;
				CLANG_WARN_EMPTY_BODY = YES;
				CLANG_WARN_ENUM_CONVERSION = YES;
				CLANG_WARN_INFINITE_RECURSION = YES;
				CLANG_WARN_INT_CONVERSION = YES;
				CLANG_WARN_NON_LITERAL_NULL_CONVERSION = YES;
				CLANG_WARN_OBJC_IMPLICIT_RETAIN_SELF = YES;
				CLANG_WARN_OBJC_LITERAL_CONVERSION = YES;
				CLANG_WARN_OBJC_ROOT_CLASS = YES_ERROR;
				CLANG_WARN_QUOTED_INCLUDE_IN_FRAMEWORK_HEADER = YES;
				CLANG_WARN_RANGE_LOOP_ANALYSIS = YES;
				CLANG_WARN_STRICT_PROTOTYPES = YES;
				CLANG_WARN_SUSPICIOUS_MOVE = YES;
				CLANG_WARN_UNGUARDED_AVAILABILITY = YES_AGGRESSIVE;
				CLANG_WARN_UNREACHABLE_CODE = YES;
				CLANG_WARN__DUPLICATE_METHOD_MATCH = YES;
				COPY_PHASE_STRIP = NO;
				DEBUG_INFORMATION_FORMAT = dwarf;
				DEVELOPMENT_TEAM = HK5U3FU2AP;
				ENABLE_STRICT_OBJC_MSGSEND = YES;
				ENABLE_TESTABILITY = YES;
				ENABLE_USER_SCRIPT_SANDBOXING = YES;
				GCC_C_LANGUAGE_STANDARD = gnu17;
				GCC_DYNAMIC_NO_PIC = NO;
				GCC_NO_COMMON_BLOCKS = YES;
				GCC_OPTIMIZATION_LEVEL = 0;
				GCC_PREPROCESSOR_DEFINITIONS = (
					"DEBUG=1",
					"$(inherited)",
				);
				GCC_WARN_64_TO_32_BIT_CONVERSION = YES;
				GCC_WARN_ABOUT_RETURN_TYPE = YES_ERROR;
				GCC_WARN_UNDECLARED_SELECTOR = YES;
				GCC_WARN_UNINITIALIZED_AUTOS = YES_AGGRESSIVE;
				GCC_WARN_UNUSED_FUNCTION = YES;
				GCC_WARN_UNUSED_VARIABLE = YES;
				IPHONEOS_DEPLOYMENT_TARGET = 26.5;
				LOCALIZATION_PREFERS_STRING_CATALOGS = YES;
				MTL_ENABLE_DEBUG_INFO = INCLUDE_SOURCE;
				MTL_FAST_MATH = YES;
				ONLY_ACTIVE_ARCH = YES;
				SDKROOT = iphoneos;
				SWIFT_ACTIVE_COMPILATION_CONDITIONS = "DEBUG $(inherited)";
				SWIFT_OPTIMIZATION_LEVEL = "-Onone";
			};
			name = Debug;
		};
		C8EAA58E2FFD04DC0024B4CC /* Release */ = {
			isa = XCBuildConfiguration;
			baseConfigurationReference = C8FE005A30054FF800BE7CEE /* Release.xcconfig */;
			buildSettings = {
				ALWAYS_SEARCH_USER_PATHS = NO;
				ASSETCATALOG_COMPILER_GENERATE_SWIFT_ASSET_SYMBOL_EXTENSIONS = YES;
				CLANG_ANALYZER_NONNULL = YES;
				CLANG_ANALYZER_NUMBER_OBJECT_CONVERSION = YES_AGGRESSIVE;
				CLANG_CXX_LANGUAGE_STANDARD = "gnu++20";
				CLANG_ENABLE_MODULES = YES;
				CLANG_ENABLE_OBJC_ARC = YES;
				CLANG_ENABLE_OBJC_WEAK = YES;
				CLANG_WARN_BLOCK_CAPTURE_AUTORELEASING = YES;
				CLANG_WARN_BOOL_CONVERSION = YES;
				CLANG_WARN_COMMA = YES;
				CLANG_WARN_CONSTANT_CONVERSION = YES;
				CLANG_WARN_DEPRECATED_OBJC_IMPLEMENTATIONS = YES;
				CLANG_WARN_DIRECT_OBJC_ISA_USAGE = YES_ERROR;
				CLANG_WARN_DOCUMENTATION_COMMENTS = YES;
				CLANG_WARN_EMPTY_BODY = YES;
				CLANG_WARN_ENUM_CONVERSION = YES;
				CLANG_WARN_INFINITE_RECURSION = YES;
				CLANG_WARN_INT_CONVERSION = YES;
				CLANG_WARN_NON_LITERAL_NULL_CONVERSION = YES;
				CLANG_WARN_OBJC_IMPLICIT_RETAIN_SELF = YES;
				CLANG_WARN_OBJC_LITERAL_CONVERSION = YES;
				CLANG_WARN_OBJC_ROOT_CLASS = YES_ERROR;
				CLANG_WARN_QUOTED_INCLUDE_IN_FRAMEWORK_HEADER = YES;
				CLANG_WARN_RANGE_LOOP_ANALYSIS = YES;
				CLANG_WARN_STRICT_PROTOTYPES = YES;
				CLANG_WARN_SUSPICIOUS_MOVE = YES;
				CLANG_WARN_UNGUARDED_AVAILABILITY = YES_AGGRESSIVE;
				CLANG_WARN_UNREACHABLE_CODE = YES;
				CLANG_WARN__DUPLICATE_METHOD_MATCH = YES;
				COPY_PHASE_STRIP = NO;
				DEBUG_INFORMATION_FORMAT = "dwarf-with-dsym";
				DEVELOPMENT_TEAM = HK5U3FU2AP;
				ENABLE_NS_ASSERTIONS = NO;
				ENABLE_STRICT_OBJC_MSGSEND = YES;
				ENABLE_USER_SCRIPT_SANDBOXING = YES;
				GCC_C_LANGUAGE_STANDARD = gnu17;
				GCC_NO_COMMON_BLOCKS = YES;
				GCC_WARN_64_TO_32_BIT_CONVERSION = YES;
				GCC_WARN_ABOUT_RETURN_TYPE = YES_ERROR;
				GCC_WARN_UNDECLARED_SELECTOR = YES;
				GCC_WARN_UNINITIALIZED_AUTOS = YES_AGGRESSIVE;
				GCC_WARN_UNUSED_FUNCTION = YES;
				GCC_WARN_UNUSED_VARIABLE = YES;
				IPHONEOS_DEPLOYMENT_TARGET = 26.5;
				LOCALIZATION_PREFERS_STRING_CATALOGS = YES;
				MTL_ENABLE_DEBUG_INFO = NO;
				MTL_FAST_MATH = YES;
				SDKROOT = iphoneos;
				SWIFT_COMPILATION_MODE = wholemodule;
				VALIDATE_PRODUCT = YES;
			};
			name = Release;
		};
		C8EAA5902FFD04DC0024B4CC /* Debug */ = {
			isa = XCBuildConfiguration;
			buildSettings = {
				ASSETCATALOG_COMPILER_APPICON_NAME = AppIcon;
				ASSETCATALOG_COMPILER_GLOBAL_ACCENT_COLOR_NAME = AccentColor;
				CODE_SIGN_ENTITLEMENTS = Cangkruk/Cangkruk.entitlements;
				CODE_SIGN_STYLE = Automatic;
				CURRENT_PROJECT_VERSION = 1;
				DEVELOPMENT_TEAM = HK5U3FU2AP;
				ENABLE_PREVIEWS = YES;
				GENERATE_INFOPLIST_FILE = YES;
				INFOPLIST_FILE = Cangkruk/Info.plist;
				INFOPLIST_KEY_ITSAppUsesNonExemptEncryption = NO;
				INFOPLIST_KEY_NSMicrophoneUsageDescription = "Izinkan akses mikrofon untuk merekam catatan suara Anda.";
				INFOPLIST_KEY_NSSpeechRecognitionUsageDescription = "Aplikasi ini menggunakan pengenalan suara untuk mengubah ucapan Anda menjadi teks.";
				INFOPLIST_KEY_UIApplicationSceneManifest_Generation = YES;
				INFOPLIST_KEY_UIApplicationSupportsIndirectInputEvents = YES;
				INFOPLIST_KEY_UILaunchScreen_Generation = YES;
				INFOPLIST_KEY_UISupportedInterfaceOrientations_iPad = "UIInterfaceOrientationPortrait UIInterfaceOrientationPortraitUpsideDown UIInterfaceOrientationLandscapeLeft UIInterfaceOrientationLandscapeRight";
				INFOPLIST_KEY_UISupportedInterfaceOrientations_iPhone = "UIInterfaceOrientationPortrait UIInterfaceOrientationLandscapeLeft UIInterfaceOrientationLandscapeRight";
				LD_RUNPATH_SEARCH_PATHS = (
					"$(inherited)",
					"@executable_path/Frameworks",
				);
				MARKETING_VERSION = 1.0;
				PRODUCT_BUNDLE_IDENTIFIER = com.bee.swift.Cangkruk;
				PRODUCT_NAME = "$(TARGET_NAME)";
				STRING_CATALOG_GENERATE_SYMBOLS = YES;
				SWIFT_APPROACHABLE_CONCURRENCY = YES;
				SWIFT_DEFAULT_ACTOR_ISOLATION = MainActor;
				SWIFT_EMIT_LOC_STRINGS = YES;
				SWIFT_UPCOMING_FEATURE_MEMBER_IMPORT_VISIBILITY = YES;
				SWIFT_VERSION = 5.0;
				TARGETED_DEVICE_FAMILY = "1,2";
			};
			name = Debug;
		};
		C8EAA5912FFD04DC0024B4CC /* Release */ = {
			isa = XCBuildConfiguration;
			buildSettings = {
				ASSETCATALOG_COMPILER_APPICON_NAME = AppIcon;
				ASSETCATALOG_COMPILER_GLOBAL_ACCENT_COLOR_NAME = AccentColor;
				CODE_SIGN_ENTITLEMENTS = Cangkruk/Cangkruk.entitlements;
				CODE_SIGN_STYLE = Automatic;
				CURRENT_PROJECT_VERSION = 1;
				DEVELOPMENT_TEAM = HK5U3FU2AP;
				ENABLE_PREVIEWS = YES;
				GENERATE_INFOPLIST_FILE = YES;
				INFOPLIST_FILE = Cangkruk/Info.plist;
				INFOPLIST_KEY_ITSAppUsesNonExemptEncryption = NO;
				INFOPLIST_KEY_NSMicrophoneUsageDescription = "Izinkan akses mikrofon untuk merekam catatan suara Anda.";
				INFOPLIST_KEY_NSSpeechRecognitionUsageDescription = "Aplikasi ini menggunakan pengenalan suara untuk mengubah ucapan Anda menjadi teks.";
				INFOPLIST_KEY_UIApplicationSceneManifest_Generation = YES;
				INFOPLIST_KEY_UIApplicationSupportsIndirectInputEvents = YES;
				INFOPLIST_KEY_UILaunchScreen_Generation = YES;
				INFOPLIST_KEY_UISupportedInterfaceOrientations_iPad = "UIInterfaceOrientationPortrait UIInterfaceOrientationPortraitUpsideDown UIInterfaceOrientationLandscapeLeft UIInterfaceOrientationLandscapeRight";
				INFOPLIST_KEY_UISupportedInterfaceOrientations_iPhone = "UIInterfaceOrientationPortrait UIInterfaceOrientationLandscapeLeft UIInterfaceOrientationLandscapeRight";
				LD_RUNPATH_SEARCH_PATHS = (
					"$(inherited)",
					"@executable_path/Frameworks",
				);
				MARKETING_VERSION = 1.0;
				PRODUCT_BUNDLE_IDENTIFIER = com.bee.swift.Cangkruk;
				PRODUCT_NAME = "$(TARGET_NAME)";
				STRING_CATALOG_GENERATE_SYMBOLS = YES;
				SWIFT_APPROACHABLE_CONCURRENCY = YES;
				SWIFT_DEFAULT_ACTOR_ISOLATION = MainActor;
				SWIFT_EMIT_LOC_STRINGS = YES;
				SWIFT_UPCOMING_FEATURE_MEMBER_IMPORT_VISIBILITY = YES;
				SWIFT_VERSION = 5.0;
				TARGETED_DEVICE_FAMILY = "1,2";
			};
			name = Release;
		};
/* End XCBuildConfiguration section */

/* Begin XCConfigurationList section */
		C8B53CC6300342DB00BEA38F /* Build configuration list for PBXNativeTarget "CangkrukUnitTests" */ = {
			isa = XCConfigurationList;
			buildConfigurations = (
				C8B53CC4300342DB00BEA38F /* Debug */,
				C8B53CC5300342DB00BEA38F /* Release */,
			);
			defaultConfigurationIsVisible = 0;
			defaultConfigurationName = Release;
		};
		C8EAA57F2FFD04DB0024B4CC /* Build configuration list for PBXProject "Cangkruk" */ = {
			isa = XCConfigurationList;
			buildConfigurations = (
				C8EAA58D2FFD04DC0024B4CC /* Debug */,
				C8EAA58E2FFD04DC0024B4CC /* Release */,
			);
			defaultConfigurationIsVisible = 0;
			defaultConfigurationName = Release;
		};
		C8EAA58F2FFD04DC0024B4CC /* Build configuration list for PBXNativeTarget "Cangkruk" */ = {
			isa = XCConfigurationList;
			buildConfigurations = (
				C8EAA5902FFD04DC0024B4CC /* Debug */,
				C8EAA5912FFD04DC0024B4CC /* Release */,
			);
			defaultConfigurationIsVisible = 0;
			defaultConfigurationName = Release;
		};
/* End XCConfigurationList section */

/* Begin XCRemoteSwiftPackageReference section */
		490B007F3002B83000A08740 /* XCRemoteSwiftPackageReference "lottie-ios" */ = {
			isa = XCRemoteSwiftPackageReference;
			repositoryURL = "https://github.com/airbnb/lottie-ios";
			requirement = {
				kind = upToNextMajorVersion;
				minimumVersion = 4.6.1;
			};
		};
		496FC53B3004D450000900A9 /* XCRemoteSwiftPackageReference "ZIPFoundation" */ = {
			isa = XCRemoteSwiftPackageReference;
			repositoryURL = "https://github.com/weichsel/ZIPFoundation";
			requirement = {
				kind = upToNextMajorVersion;
				minimumVersion = 0.9.20;
			};
		};
		FDA0DE20300500000000B001 /* XCRemoteSwiftPackageReference "swift-transformers" */ = {
			isa = XCRemoteSwiftPackageReference;
			repositoryURL = "https://github.com/huggingface/swift-transformers";
			requirement = {
				kind = upToNextMajorVersion;
				minimumVersion = 1.2.1;
			};
			traits = (
			);
		};
/* End XCRemoteSwiftPackageReference section */

/* Begin XCSwiftPackageProductDependency section */
		490B00803002B83000A08740 /* Lottie */ = {
			isa = XCSwiftPackageProductDependency;
			package = 490B007F3002B83000A08740 /* XCRemoteSwiftPackageReference "lottie-ios" */;
			productName = Lottie;
		};
		496FC53D3004D47D000900A9 /* ZIPFoundation */ = {
			isa = XCSwiftPackageProductDependency;
			package = 496FC53B3004D450000900A9 /* XCRemoteSwiftPackageReference "ZIPFoundation" */;
			productName = ZIPFoundation;
		};
		FDA0DE21300500000000B002 /* Tokenizers */ = {
			isa = XCSwiftPackageProductDependency;
			package = FDA0DE20300500000000B001 /* XCRemoteSwiftPackageReference "swift-transformers" */;
			productName = Tokenizers;
		};
/* End XCSwiftPackageProductDependency section */
	};
	rootObject = C8EAA57C2FFD04DB0024B4CC /* Project object */;
}
